
Microsoft Visual Studio Solution File, Format Version 12.00
# Visual Studio 15
VisualStudioVersion = 15.0.28307.539
MinimumVisualStudioVersion = 10.0.40219.1
Project("{FAE04EC0-301F-11D3-BF4B-00C04F79EFBC}") = "Calculadora", "Calculadora\Calculadora.csproj", "{2852E99F-8B70-4DD8-981B-248F4ED35D91}"
EndProject
Global
	GlobalSection(SolutionConfigurationPlatforms) = preSolution
		Debug|Any CPU = Debug|Any CPU
		Release|Any CPU = Release|Any CPU
	EndGlobalSection
	GlobalSection(ProjectConfigurationPlatforms) = postSolution
		{2852E99F-8B70-4DD8-981B-248F4ED35D91}.Debug|Any CPU.ActiveCfg = Debug|Any CPU
		{2852E99F-8B70-4DD8-981B-248F4ED35D91}.Debug|Any CPU.Build.0 = Debug|Any CPU
		{2852E99F-8B70-4DD8-981B-248F4ED35D91}.Release|Any CPU.ActiveCfg = Release|Any CPU
		{2852E99F-8B70-4DD8-981B-248F4ED35D91}.Release|Any CPU.Build.0 = Release|Any CPU
	EndGlobalSection
	GlobalSection(SolutionProperties) = preSolution
		HideSolutionNode = FALSE
	EndGlobalSection
	GlobalSection(ExtensibilityGlobals) = postSolution
		SolutionGuid = {4177FD99-576A-4481-83F0-40EAE2215912}
	EndGlobalSection
EndGlobal
